
Microsoft Visual Studio Solution File, Format Version 12.00
# Visual Studio Version 16
VisualStudioVersion = 16.0.30804.86
MinimumVisualStudioVersion = 10.0.40219.1
Project("{FAE04EC0-301F-11D3-BF4B-00C04F79EFBC}") = "vector3tools", "vector3tools.csproj", "{045F0BB7-423E-42C8-9434-0A5A46F48350}"
EndProject
Global
	GlobalSection(SolutionConfigurationPlatforms) = preSolution
		Debug|Any CPU = Debug|Any CPU
		Release|Any CPU = Release|Any CPU
	EndGlobalSection
	GlobalSection(ProjectConfigurationPlatforms) = postSolution
		{045F0BB7-423E-42C8-9434-0A5A46F48350}.Debug|Any CPU.ActiveCfg = Debug|Any CPU
		{045F0BB7-423E-42C8-9434-0A5A46F48350}.Debug|Any CPU.Build.0 = Debug|Any CPU
		{045F0BB7-423E-42C8-9434-0A5A46F48350}.Release|Any CPU.ActiveCfg = Release|Any CPU
		{045F0BB7-423E-42C8-9434-0A5A46F48350}.Release|Any CPU.Build.0 = Release|Any CPU
	EndGlobalSection
	GlobalSection(SolutionProperties) = preSolution
		HideSolutionNode = FALSE
	EndGlobalSection
	GlobalSection(ExtensibilityGlobals) = postSolution
		SolutionGuid = {DFD6A3E1-073C-4B79-9E9D-4FA94CDD7E91}
	EndGlobalSection
EndGlobal
